
Microsoft Visual Studio Solution File, Format Version 12.00
# Visual Studio Version 17
VisualStudioVersion = 17.10.35027.167
MinimumVisualStudioVersion = 10.0.40219.1
Project("{FAE04EC0-301F-11D3-BF4B-00C04F79EFBC}") = "Pet Store Application", "Pet Store Application.csproj", "{03CCA695-361C-4E39-BD46-C5309FC3336E}"
EndProject
Global
	GlobalSection(SolutionConfigurationPlatforms) = preSolution
		Debug|Any CPU = Debug|Any CPU
		Release|Any CPU = Release|Any CPU
	EndGlobalSection
	GlobalSection(ProjectConfigurationPlatforms) = postSolution
		{03CCA695-361C-4E39-BD46-C5309FC3336E}.Debug|Any CPU.ActiveCfg = Debug|Any CPU
		{03CCA695-361C-4E39-BD46-C5309FC3336E}.Debug|Any CPU.Build.0 = Debug|Any CPU
		{03CCA695-361C-4E39-BD46-C5309FC3336E}.Release|Any CPU.ActiveCfg = Release|Any CPU
		{03CCA695-361C-4E39-BD46-C5309FC3336E}.Release|Any CPU.Build.0 = Release|Any CPU
	EndGlobalSection
	GlobalSection(SolutionProperties) = preSolution
		HideSolutionNode = FALSE
	EndGlobalSection
	GlobalSection(ExtensibilityGlobals) = postSolution
		SolutionGuid = {D0D8307D-037D-466F-8F0E-0B39A43A4E11}
	EndGlobalSection
EndGlobal
